
Microsoft Visual Studio Solution File, Format Version 12.00
# Visual Studio Version 17
VisualStudioVersion = 17.7.34024.191
MinimumVisualStudioVersion = 10.0.40219.1
Project("{FAE04EC0-301F-11D3-BF4B-00C04F79EFBC}") = "Phone_List", "Phone_List\Phone_List.csproj", "{6B23CDCF-21D0-454F-BFB6-0515AA0FD98A}"
EndProject
Global
	GlobalSection(SolutionConfigurationPlatforms) = preSolution
		Debug|Any CPU = Debug|Any CPU
		Release|Any CPU = Release|Any CPU
	EndGlobalSection
	GlobalSection(ProjectConfigurationPlatforms) = postSolution
		{6B23CDCF-21D0-454F-BFB6-0515AA0FD98A}.Debug|Any CPU.ActiveCfg = Debug|Any CPU
		{6B23CDCF-21D0-454F-BFB6-0515AA0FD98A}.Debug|Any CPU.Build.0 = Debug|Any CPU
		{6B23CDCF-21D0-454F-BFB6-0515AA0FD98A}.Release|Any CPU.ActiveCfg = Release|Any CPU
		{6B23CDCF-21D0-454F-BFB6-0515AA0FD98A}.Release|Any CPU.Build.0 = Release|Any CPU
	EndGlobalSection
	GlobalSection(SolutionProperties) = preSolution
		HideSolutionNode = FALSE
	EndGlobalSection
	GlobalSection(ExtensibilityGlobals) = postSolution
		SolutionGuid = {F07866F7-16C2-4C19-A39E-34B1FE3B1D8A}
	EndGlobalSection
EndGlobal
